
Microsoft Visual Studio Solution File, Format Version 12.00
# Visual Studio Version 17
VisualStudioVersion = 17.5.002.0
MinimumVisualStudioVersion = 10.0.40219.1
Project("{9A19103F-16F7-4668-BE54-9A1E7A4F7556}") = "comp123-test1", "comp123-test1.csproj", "{686AB755-1CA2-4A33-A82D-318F12D3C96D}"
EndProject
Global
	GlobalSection(SolutionConfigurationPlatforms) = preSolution
		Debug|Any CPU = Debug|Any CPU
		Release|Any CPU = Release|Any CPU
	EndGlobalSection
	GlobalSection(ProjectConfigurationPlatforms) = postSolution
		{686AB755-1CA2-4A33-A82D-318F12D3C96D}.Debug|Any CPU.ActiveCfg = Debug|Any CPU
		{686AB755-1CA2-4A33-A82D-318F12D3C96D}.Debug|Any CPU.Build.0 = Debug|Any CPU
		{686AB755-1CA2-4A33-A82D-318F12D3C96D}.Release|Any CPU.ActiveCfg = Release|Any CPU
		{686AB755-1CA2-4A33-A82D-318F12D3C96D}.Release|Any CPU.Build.0 = Release|Any CPU
	EndGlobalSection
	GlobalSection(SolutionProperties) = preSolution
		HideSolutionNode = FALSE
	EndGlobalSection
	GlobalSection(ExtensibilityGlobals) = postSolution
		SolutionGuid = {3236100C-936D-456A-BA50-27669E36188E}
	EndGlobalSection
EndGlobal
